
Microsoft Visual Studio Solution File, Format Version 12.00
# Visual Studio 15
VisualStudioVersion = 15.0.26730.12
MinimumVisualStudioVersion = 10.0.40219.1
Project("{FAE04EC0-301F-11D3-BF4B-00C04F79EFBC}") = "WebApplication5", "WebApplication5\WebApplication5.csproj", "{1C089D96-0297-49C7-A93B-0CF22C91B8CC}"
EndProject
Global
	GlobalSection(SolutionConfigurationPlatforms) = preSolution
		Debug|Any CPU = Debug|Any CPU
		Release|Any CPU = Release|Any CPU
	EndGlobalSection
	GlobalSection(ProjectConfigurationPlatforms) = postSolution
		{1C089D96-0297-49C7-A93B-0CF22C91B8CC}.Debug|Any CPU.ActiveCfg = Debug|Any CPU
		{1C089D96-0297-49C7-A93B-0CF22C91B8CC}.Debug|Any CPU.Build.0 = Debug|Any CPU
		{1C089D96-0297-49C7-A93B-0CF22C91B8CC}.Release|Any CPU.ActiveCfg = Release|Any CPU
		{1C089D96-0297-49C7-A93B-0CF22C91B8CC}.Release|Any CPU.Build.0 = Release|Any CPU
	EndGlobalSection
	GlobalSection(SolutionProperties) = preSolution
		HideSolutionNode = FALSE
	EndGlobalSection
	GlobalSection(ExtensibilityGlobals) = postSolution
		SolutionGuid = {071381A6-9221-4823-9C07-12C682A479ED}
	EndGlobalSection
EndGlobal
